
Microsoft Visual Studio Solution File, Format Version 12.00
# Visual Studio Version 17
VisualStudioVersion = 17.4.33205.214
MinimumVisualStudioVersion = 10.0.40219.1
Project("{888888A0-9F3D-457C-B088-3A5042F75D52}") = "PHYS3-L1", "PHYS3-L1\PHYS3-L1.pyproj", "{BA32009F-FE75-493C-AF39-47290F83DDC2}"
EndProject
Global
	GlobalSection(SolutionConfigurationPlatforms) = preSolution
		Debug|Any CPU = Debug|Any CPU
		Release|Any CPU = Release|Any CPU
	EndGlobalSection
	GlobalSection(ProjectConfigurationPlatforms) = postSolution
		{BA32009F-FE75-493C-AF39-47290F83DDC2}.Debug|Any CPU.ActiveCfg = Debug|Any CPU
		{BA32009F-FE75-493C-AF39-47290F83DDC2}.Release|Any CPU.ActiveCfg = Release|Any CPU
	EndGlobalSection
	GlobalSection(SolutionProperties) = preSolution
		HideSolutionNode = FALSE
	EndGlobalSection
	GlobalSection(ExtensibilityGlobals) = postSolution
		SolutionGuid = {2383EC48-E161-4169-889F-E93A31D8CB30}
	EndGlobalSection
EndGlobal
